
Microsoft Visual Studio Solution File, Format Version 12.00
# Visual Studio Version 16
VisualStudioVersion = 16.0.31729.503
MinimumVisualStudioVersion = 10.0.40219.1
Project("{9A19103F-16F7-4668-BE54-9A1E7A4F7556}") = "Bookinghut.WebApi", "Bookinghut.WebApi\Bookinghut.WebApi.csproj", "{08E6330A-AF27-4F99-898E-94ED0897E9F5}"
EndProject
Project("{FAE04EC0-301F-11D3-BF4B-00C04F79EFBC}") = "Bookinghun.Models", "Bookinghun.Models\Bookinghun.Models.csproj", "{8F098DD4-3D07-4805-A55C-3C49C90B7233}"
EndProject
Global
	GlobalSection(SolutionConfigurationPlatforms) = preSolution
		Debug|Any CPU = Debug|Any CPU
		Release|Any CPU = Release|Any CPU
	EndGlobalSection
	GlobalSection(ProjectConfigurationPlatforms) = postSolution
		{08E6330A-AF27-4F99-898E-94ED0897E9F5}.Debug|Any CPU.ActiveCfg = Debug|Any CPU
		{08E6330A-AF27-4F99-898E-94ED0897E9F5}.Debug|Any CPU.Build.0 = Debug|Any CPU
		{08E6330A-AF27-4F99-898E-94ED0897E9F5}.Release|Any CPU.ActiveCfg = Release|Any CPU
		{08E6330A-AF27-4F99-898E-94ED0897E9F5}.Release|Any CPU.Build.0 = Release|Any CPU
		{8F098DD4-3D07-4805-A55C-3C49C90B7233}.Debug|Any CPU.ActiveCfg = Debug|Any CPU
		{8F098DD4-3D07-4805-A55C-3C49C90B7233}.Debug|Any CPU.Build.0 = Debug|Any CPU
		{8F098DD4-3D07-4805-A55C-3C49C90B7233}.Release|Any CPU.ActiveCfg = Release|Any CPU
		{8F098DD4-3D07-4805-A55C-3C49C90B7233}.Release|Any CPU.Build.0 = Release|Any CPU
	EndGlobalSection
	GlobalSection(SolutionProperties) = preSolution
		HideSolutionNode = FALSE
	EndGlobalSection
	GlobalSection(ExtensibilityGlobals) = postSolution
		SolutionGuid = {1F49FF7D-64BF-464E-BF36-F9DC32CE8990}
	EndGlobalSection
EndGlobal
